# THIS IS AN AUTOGENERATED FILE. DO NOT EDIT THIS FILE DIRECTLY.
# yarn lockfile v1


minimist@0.0.8:
  version "0.0.8"
  resolved "https://registry.yarnpkg.com/minimist/-/minimist-0.0.8.tgz#857fcabfc3397d2625b8228262e86aa7a011b05d"

mkdirp@^0.5.1:
  version "0.5.1"
  resolved "https://registry.yarnpkg.com/mkdirp/-/mkdirp-0.5.1.tgz#30057438eac6cf7f8c4767f38648d6697d75c903"
  dependencies:
    minimist "0.0.8"

readline-sync@^1.4.7:
  version "1.4.7"
  resolved "https://registry.yarnpkg.com/readline-sync/-/readline-sync-1.4.7.tgz#001bfdd4c06110c3c084c63bf7c6a56022213f30"

shadow-cljs-jar@^0.7.0:
  version "0.7.0"
  resolved "https://registry.yarnpkg.com/shadow-cljs-jar/-/shadow-cljs-jar-0.7.0.tgz#a2b35c680be6420c20600402db791790d0e116ae"

shadow-cljs@^0.9.4:
  version "0.9.4"
  resolved "https://registry.yarnpkg.com/shadow-cljs/-/shadow-cljs-0.9.4.tgz#c45a0c5f22a57d77771c517e128da61e1340adba"
  dependencies:
    mkdirp "^0.5.1"
    readline-sync "^1.4.7"
    shadow-cljs-jar "^0.7.0"
