# THIS IS AN AUTOGENERATED FILE. DO NOT EDIT THIS FILE DIRECTLY.
# yarn lockfile v1


bencode@^0.12.0:
  version "0.12.0"
  resolved "https://registry.yarnpkg.com/bencode/-/bencode-0.12.0.tgz#bc879c476d864453d2479519e44c64b347a59b3a"

shadow-cljs-jar@^0.4.0:
  version "0.4.0"
  resolved "https://registry.yarnpkg.com/shadow-cljs-jar/-/shadow-cljs-jar-0.4.0.tgz#88cd4d0af7199abfd85add1f06eba679512d6a17"

shadow-cljs@^0.8.0:
  version "0.8.0"
  resolved "https://registry.yarnpkg.com/shadow-cljs/-/shadow-cljs-0.8.0.tgz#cf82464a9605ff78b8200bd53f47d5cefac46c4c"
  dependencies:
    bencode "^0.12.0"
    shadow-cljs-jar "^0.4.0"
